
Microsoft Visual Studio Solution File, Format Version 12.00
# Visual Studio Version 17
VisualStudioVersion = 17.0.32014.148
MinimumVisualStudioVersion = 10.0.40219.1
Project("{FAE04EC0-301F-11D3-BF4B-00C04F79EFBC}") = "QuizGame", "QuizGame\QuizGame.csproj", "{B6FAA0DD-4850-4E15-B67B-65E99141347A}"
EndProject
Project("{FAE04EC0-301F-11D3-BF4B-00C04F79EFBC}") = "QuizBackend", "QuizBackend\QuizBackend.csproj", "{34FA4133-6842-4D9D-8E09-35597B0D4647}"
EndProject
Global
	GlobalSection(SolutionConfigurationPlatforms) = preSolution
		Debug|Any CPU = Debug|Any CPU
		Release|Any CPU = Release|Any CPU
	EndGlobalSection
	GlobalSection(ProjectConfigurationPlatforms) = postSolution
		{B6FAA0DD-4850-4E15-B67B-65E99141347A}.Debug|Any CPU.ActiveCfg = Debug|Any CPU
		{B6FAA0DD-4850-4E15-B67B-65E99141347A}.Debug|Any CPU.Build.0 = Debug|Any CPU
		{B6FAA0DD-4850-4E15-B67B-65E99141347A}.Release|Any CPU.ActiveCfg = Release|Any CPU
		{B6FAA0DD-4850-4E15-B67B-65E99141347A}.Release|Any CPU.Build.0 = Release|Any CPU
		{34FA4133-6842-4D9D-8E09-35597B0D4647}.Debug|Any CPU.ActiveCfg = Debug|Any CPU
		{34FA4133-6842-4D9D-8E09-35597B0D4647}.Debug|Any CPU.Build.0 = Debug|Any CPU
		{34FA4133-6842-4D9D-8E09-35597B0D4647}.Release|Any CPU.ActiveCfg = Release|Any CPU
		{34FA4133-6842-4D9D-8E09-35597B0D4647}.Release|Any CPU.Build.0 = Release|Any CPU
	EndGlobalSection
	GlobalSection(SolutionProperties) = preSolution
		HideSolutionNode = FALSE
	EndGlobalSection
	GlobalSection(ExtensibilityGlobals) = postSolution
		SolutionGuid = {5584B8AA-F522-4AD8-9C3D-EADF4A92EB80}
	EndGlobalSection
EndGlobal
